
Microsoft Visual Studio Solution File, Format Version 12.00
# Visual Studio 14
VisualStudioVersion = 14.0.25123.0
MinimumVisualStudioVersion = 10.0.40219.1
Project("{FAE04EC0-301F-11D3-BF4B-00C04F79EFBC}") = "movie-trailers", "movie-trailers\movie-trailers.csproj", "{A9AF151D-056D-4E62-A1B7-CACB41837068}"
EndProject
Project("{FAE04EC0-301F-11D3-BF4B-00C04F79EFBC}") = "movie-trailers.Tests", "movie-trailers.Tests\movie-trailers.Tests.csproj", "{DA888D95-4DEB-46A3-B8B1-761CA322DC24}"
EndProject
Project("{FAE04EC0-301F-11D3-BF4B-00C04F79EFBC}") = "movie-trailers.DAL", "movie-trailers.DAL\movie-trailers.DAL.csproj", "{471473BD-590B-4514-8199-5254F784EB0C}"
EndProject
Project("{FAE04EC0-301F-11D3-BF4B-00C04F79EFBC}") = "movie-trailers.BLL", "movie-trailers.BLL\movie-trailers.BLL.csproj", "{BB534E1B-89B3-4A17-B4B3-D264A0754561}"
EndProject
Global
	GlobalSection(SolutionConfigurationPlatforms) = preSolution
		Debug|Any CPU = Debug|Any CPU
		Release|Any CPU = Release|Any CPU
	EndGlobalSection
	GlobalSection(ProjectConfigurationPlatforms) = postSolution
		{A9AF151D-056D-4E62-A1B7-CACB41837068}.Debug|Any CPU.ActiveCfg = Debug|Any CPU
		{A9AF151D-056D-4E62-A1B7-CACB41837068}.Debug|Any CPU.Build.0 = Debug|Any CPU
		{A9AF151D-056D-4E62-A1B7-CACB41837068}.Release|Any CPU.ActiveCfg = Release|Any CPU
		{A9AF151D-056D-4E62-A1B7-CACB41837068}.Release|Any CPU.Build.0 = Release|Any CPU
		{DA888D95-4DEB-46A3-B8B1-761CA322DC24}.Debug|Any CPU.ActiveCfg = Debug|Any CPU
		{DA888D95-4DEB-46A3-B8B1-761CA322DC24}.Debug|Any CPU.Build.0 = Debug|Any CPU
		{DA888D95-4DEB-46A3-B8B1-761CA322DC24}.Release|Any CPU.ActiveCfg = Release|Any CPU
		{DA888D95-4DEB-46A3-B8B1-761CA322DC24}.Release|Any CPU.Build.0 = Release|Any CPU
		{471473BD-590B-4514-8199-5254F784EB0C}.Debug|Any CPU.ActiveCfg = Debug|Any CPU
		{471473BD-590B-4514-8199-5254F784EB0C}.Debug|Any CPU.Build.0 = Debug|Any CPU
		{471473BD-590B-4514-8199-5254F784EB0C}.Release|Any CPU.ActiveCfg = Release|Any CPU
		{471473BD-590B-4514-8199-5254F784EB0C}.Release|Any CPU.Build.0 = Release|Any CPU
		{BB534E1B-89B3-4A17-B4B3-D264A0754561}.Debug|Any CPU.ActiveCfg = Debug|Any CPU
		{BB534E1B-89B3-4A17-B4B3-D264A0754561}.Debug|Any CPU.Build.0 = Debug|Any CPU
		{BB534E1B-89B3-4A17-B4B3-D264A0754561}.Release|Any CPU.ActiveCfg = Release|Any CPU
		{BB534E1B-89B3-4A17-B4B3-D264A0754561}.Release|Any CPU.Build.0 = Release|Any CPU
	EndGlobalSection
	GlobalSection(SolutionProperties) = preSolution
		HideSolutionNode = FALSE
	EndGlobalSection
EndGlobal
